
Microsoft Visual Studio Solution File, Format Version 12.00
# Visual Studio Version 17
VisualStudioVersion = 17.11.35327.3
MinimumVisualStudioVersion = 10.0.40219.1
Project("{FAE04EC0-301F-11D3-BF4B-00C04F79EFBC}") = "ApiDemo", "ApiDemo.csproj", "{41177D2A-88FB-4352-A1C8-E3634D708669}"
EndProject
Global
	GlobalSection(SolutionConfigurationPlatforms) = preSolution
		Debug|Any CPU = Debug|Any CPU
		Release|Any CPU = Release|Any CPU
	EndGlobalSection
	GlobalSection(ProjectConfigurationPlatforms) = postSolution
		{41177D2A-88FB-4352-A1C8-E3634D708669}.Debug|Any CPU.ActiveCfg = Debug|Any CPU
		{41177D2A-88FB-4352-A1C8-E3634D708669}.Debug|Any CPU.Build.0 = Debug|Any CPU
		{41177D2A-88FB-4352-A1C8-E3634D708669}.Release|Any CPU.ActiveCfg = Release|Any CPU
		{41177D2A-88FB-4352-A1C8-E3634D708669}.Release|Any CPU.Build.0 = Release|Any CPU
	EndGlobalSection
	GlobalSection(SolutionProperties) = preSolution
		HideSolutionNode = FALSE
	EndGlobalSection
	GlobalSection(ExtensibilityGlobals) = postSolution
		SolutionGuid = {DA8744C6-74C9-44CF-8572-F7808B5A7552}
	EndGlobalSection
EndGlobal
